
Microsoft Visual Studio Solution File, Format Version 12.00
# Visual Studio Version 17
VisualStudioVersion = 17.3.32825.248
MinimumVisualStudioVersion = 10.0.40219.1
Project("{2150E333-8FDC-42A3-9474-1A3956D46DE8}") = "Core", "Core", "{23AF1EEE-2655-4CA3-B354-379B518FE5DF}"
EndProject
Project("{9A19103F-16F7-4668-BE54-9A1E7A4F7556}") = "Parking.Domain", "Parking.Domain\Parking.Domain.csproj", "{110B5B19-5F9E-4DF8-B369-4D3E25DA7AC8}"
EndProject
Project("{9A19103F-16F7-4668-BE54-9A1E7A4F7556}") = "Parking.Application", "Parling.Application\Parking.Application.csproj", "{1831E80B-B283-4186-8EE2-C1A1A315F6AE}"
EndProject
Project("{2150E333-8FDC-42A3-9474-1A3956D46DE8}") = "WebApplication", "WebApplication", "{1D4B58BC-F5F4-4FA6-A5C2-112CAA3C1701}"
EndProject
Project("{9A19103F-16F7-4668-BE54-9A1E7A4F7556}") = "WebParking", "Application\WebParking.csproj", "{6B210448-CFCB-4809-9AEB-1C6A27764CDE}"
EndProject
Global
	GlobalSection(SolutionConfigurationPlatforms) = preSolution
		Debug|Any CPU = Debug|Any CPU
		Release|Any CPU = Release|Any CPU
	EndGlobalSection
	GlobalSection(ProjectConfigurationPlatforms) = postSolution
		{110B5B19-5F9E-4DF8-B369-4D3E25DA7AC8}.Debug|Any CPU.ActiveCfg = Debug|Any CPU
		{110B5B19-5F9E-4DF8-B369-4D3E25DA7AC8}.Debug|Any CPU.Build.0 = Debug|Any CPU
		{110B5B19-5F9E-4DF8-B369-4D3E25DA7AC8}.Release|Any CPU.ActiveCfg = Release|Any CPU
		{110B5B19-5F9E-4DF8-B369-4D3E25DA7AC8}.Release|Any CPU.Build.0 = Release|Any CPU
		{1831E80B-B283-4186-8EE2-C1A1A315F6AE}.Debug|Any CPU.ActiveCfg = Debug|Any CPU
		{1831E80B-B283-4186-8EE2-C1A1A315F6AE}.Debug|Any CPU.Build.0 = Debug|Any CPU
		{1831E80B-B283-4186-8EE2-C1A1A315F6AE}.Release|Any CPU.ActiveCfg = Release|Any CPU
		{1831E80B-B283-4186-8EE2-C1A1A315F6AE}.Release|Any CPU.Build.0 = Release|Any CPU
		{6B210448-CFCB-4809-9AEB-1C6A27764CDE}.Debug|Any CPU.ActiveCfg = Debug|Any CPU
		{6B210448-CFCB-4809-9AEB-1C6A27764CDE}.Debug|Any CPU.Build.0 = Debug|Any CPU
		{6B210448-CFCB-4809-9AEB-1C6A27764CDE}.Release|Any CPU.ActiveCfg = Release|Any CPU
		{6B210448-CFCB-4809-9AEB-1C6A27764CDE}.Release|Any CPU.Build.0 = Release|Any CPU
	EndGlobalSection
	GlobalSection(SolutionProperties) = preSolution
		HideSolutionNode = FALSE
	EndGlobalSection
	GlobalSection(NestedProjects) = preSolution
		{110B5B19-5F9E-4DF8-B369-4D3E25DA7AC8} = {23AF1EEE-2655-4CA3-B354-379B518FE5DF}
		{1831E80B-B283-4186-8EE2-C1A1A315F6AE} = {23AF1EEE-2655-4CA3-B354-379B518FE5DF}
		{6B210448-CFCB-4809-9AEB-1C6A27764CDE} = {1D4B58BC-F5F4-4FA6-A5C2-112CAA3C1701}
	EndGlobalSection
	GlobalSection(ExtensibilityGlobals) = postSolution
		SolutionGuid = {26F21669-553E-4B0C-A4E0-EA195F8FF0A0}
	EndGlobalSection
EndGlobal
